{
  "nodes": {
    "minimalbase": {
      "inputs": {
        "nixpkgs": "nixpkgs"
      },
      "locked": {
        "lastModified": 1782697529,
        "narHash": "sha256-QG21ffdKxSoJ6tz3a/e+rnfaUbykQiFLqRlAUEOSMSA=",
        "owner": "nonrootdocker",
        "repo": "minimalbase",
        "rev": "270721c8e7ca5a4cea3d13be4037140d7806a5b0",
        "type": "github"
      },
      "original": {
        "owner": "nonrootdocker",
        "repo": "minimalbase",
        "type": "github"
      }
    },
    "nixpkgs": {
      "locked": {
        "lastModified": 1782696081,
        "narHash": "sha256-hnvtmFEwxEV8wehWmmwtXNMoMo+2eEaoNw8iF0nInO8=",
        "owner": "NixOS",
        "repo": "nixpkgs",
        "rev": "d6d02feee3f04b50845bc743b58d3b88cd173e5f",
        "type": "github"
      },
      "original": {
        "owner": "NixOS",
        "repo": "nixpkgs",
        "type": "github"
      }
    },
    "root": {
      "inputs": {
        "minimalbase": "minimalbase",
        "nixpkgs": [
          "minimalbase",
          "nixpkgs"
        ],
        "sonarr-src": "sonarr-src"
      }
    },
    "sonarr-src": {
      "flake": false,
      "locked": {
        "lastModified": 1782494541,
        "narHash": "sha256-Rigw2zApuLqaK2Nvz7GlzOjMA+zNnIHqARKe2z5UuFE=",
        "type": "tarball",
        "url": "https://services.sonarr.tv/v1/download/main/latest?version=4&os=linux&arch=x64"
      },
      "original": {
        "type": "tarball",
        "url": "https://services.sonarr.tv/v1/download/main/latest?version=4&os=linux&arch=x64"
      }
    }
  },
  "root": "root",
  "version": 7
}
