{
  "nodes": {
    "minimalbase": {
      "inputs": {
        "nixpkgs": "nixpkgs"
      },
      "locked": {
        "lastModified": 1785116750,
        "narHash": "sha256-nHfC/unzUtrlfkRskwOlKoQGghTUrF4ePfP2x0Mpn+M=",
        "owner": "nonrootdocker",
        "repo": "minimalbase",
        "rev": "c9c59086f572e5dfa1c23df7983198a8b2707643",
        "type": "github"
      },
      "original": {
        "owner": "nonrootdocker",
        "repo": "minimalbase",
        "type": "github"
      }
    },
    "nixpkgs": {
      "locked": {
        "lastModified": 1785115938,
        "narHash": "sha256-Lr2gry/rxJUMzCo6N/ttfEOd6EP2o4x84DxpYfSFu1s=",
        "owner": "NixOS",
        "repo": "nixpkgs",
        "rev": "4bae3fedb1d092b4870d6a8aaaa67cd9f4bd4907",
        "type": "github"
      },
      "original": {
        "owner": "NixOS",
        "repo": "nixpkgs",
        "type": "github"
      }
    },
    "root": {
      "inputs": {
        "minimalbase": "minimalbase",
        "nixpkgs": [
          "minimalbase",
          "nixpkgs"
        ],
        "sonarr-src": "sonarr-src"
      }
    },
    "sonarr-src": {
      "flake": false,
      "locked": {
        "lastModified": 1782494541,
        "narHash": "sha256-Rigw2zApuLqaK2Nvz7GlzOjMA+zNnIHqARKe2z5UuFE=",
        "type": "tarball",
        "url": "https://services.sonarr.tv/v1/download/main/latest?version=4&os=linux&arch=x64"
      },
      "original": {
        "type": "tarball",
        "url": "https://services.sonarr.tv/v1/download/main/latest?version=4&os=linux&arch=x64"
      }
    }
  },
  "root": "root",
  "version": 7
}
